
Microsoft Visual Studio Solution File, Format Version 12.00
Project("{FAE04EC0-301F-11D3-BF4B-00C04F79EFBC}") = "ispring", "ispring\ispring.csproj", "{CFF07ECC-018F-454A-934D-9A69D681397A}"
EndProject
Global
	GlobalSection(SolutionConfigurationPlatforms) = preSolution
		Debug|Any CPU = Debug|Any CPU
		Release|Any CPU = Release|Any CPU
	EndGlobalSection
	GlobalSection(ProjectConfigurationPlatforms) = postSolution
		{CFF07ECC-018F-454A-934D-9A69D681397A}.Debug|Any CPU.ActiveCfg = Debug|Any CPU
		{CFF07ECC-018F-454A-934D-9A69D681397A}.Debug|Any CPU.Build.0 = Debug|Any CPU
		{CFF07ECC-018F-454A-934D-9A69D681397A}.Release|Any CPU.ActiveCfg = Release|Any CPU
		{CFF07ECC-018F-454A-934D-9A69D681397A}.Release|Any CPU.Build.0 = Release|Any CPU
	EndGlobalSection
EndGlobal
